{
  "name": "github_images_minilv",
  "version": "1.0.0",
  "lockfileVersion": 1,
  "requires": true,
  "dependencies": {
    "markdown-img-down-site-change": {
      "version": "1.3.3",
      "resolved": "https://registry.npmjs.org/markdown-img-down-site-change/-/markdown-img-down-site-change-1.3.3.tgz",
      "integrity": "sha512-wr3bgG45gQSrgdt+JV8NY6XndBv/a4EjKTSLppPOJ0cF/WtCKKa2zUqT0Exiyx8DL8NK0i3yTXOFjXf6pvHAow=="
    }
  }
}
